
Microsoft Visual Studio Solution File, Format Version 12.00
# Visual Studio Version 17
VisualStudioVersion = 17.11.35222.181
MinimumVisualStudioVersion = 10.0.40219.1
Project("{FAE04EC0-301F-11D3-BF4B-00C04F79EFBC}") = "WpfApp8", "WpfApp8.csproj", "{71289F9A-16DE-4C1A-AEE6-4159ACD3FC95}"
EndProject
Global
	GlobalSection(SolutionConfigurationPlatforms) = preSolution
		Debug|Any CPU = Debug|Any CPU
		Release|Any CPU = Release|Any CPU
	EndGlobalSection
	GlobalSection(ProjectConfigurationPlatforms) = postSolution
		{71289F9A-16DE-4C1A-AEE6-4159ACD3FC95}.Debug|Any CPU.ActiveCfg = Debug|Any CPU
		{71289F9A-16DE-4C1A-AEE6-4159ACD3FC95}.Debug|Any CPU.Build.0 = Debug|Any CPU
		{71289F9A-16DE-4C1A-AEE6-4159ACD3FC95}.Release|Any CPU.ActiveCfg = Release|Any CPU
		{71289F9A-16DE-4C1A-AEE6-4159ACD3FC95}.Release|Any CPU.Build.0 = Release|Any CPU
	EndGlobalSection
	GlobalSection(SolutionProperties) = preSolution
		HideSolutionNode = FALSE
	EndGlobalSection
	GlobalSection(ExtensibilityGlobals) = postSolution
		SolutionGuid = {F671C13B-ECDE-458F-99FD-86DF323CCCB2}
	EndGlobalSection
EndGlobal
